{
    "_readme": [
        "This file locks the dependencies of your project to a known state",
        "Read more about it at http://getcomposer.org/doc/01-basic-usage.md#composer-lock-the-lock-file"
    ],
    "hash": "230aa3b8bf196773b0e560f2e704883c",
    "packages": [
        {
            "name": "harp-orm/validate",
            "version": "dev-master",
            "source": {
                "type": "git",
                "url": "https://github.com/harp-orm/validate.git",
                "reference": "4287648c926e43ec668f17a8be507b521702853b"
            },
            "dist": {
                "type": "zip",
                "url": "https://api.github.com/repos/harp-orm/validate/zipball/4287648c926e43ec668f17a8be507b521702853b",
                "reference": "4287648c926e43ec668f17a8be507b521702853b",
                "shasum": ""
            },
            "type": "library",
            "autoload": {
                "psr-4": {
                    "Harp\\Validate\\": "src/"
                }
            },
            "notification-url": "https://packagist.org/downloads/",
            "license": [
                "BSD-3-Clause"
            ],
            "authors": [
                {
                    "name": "Ivan Kerin",
                    "email": "ikerin@gmail.com",
                    "homepage": "http://www.openbuildings.com",
                    "role": "Author"
                }
            ],
            "description": "Object validaiton library",
            "time": "2014-05-29 12:13:07"
        }
    ],
    "packages-dev": [],
    "aliases": [],
    "minimum-stability": "stable",
    "stability-flags": {
        "harp-orm/validate": 20
    },
    "platform": [],
    "platform-dev": []
}
